
Microsoft Visual Studio Solution File, Format Version 12.00
# Visual Studio Version 17
VisualStudioVersion = 17.9.34723.18
MinimumVisualStudioVersion = 10.0.40219.1
Project("{FAE04EC0-301F-11D3-BF4B-00C04F79EFBC}") = "Operators", "Operators.csproj", "{A73FFA5F-11E7-4FD8-9C01-1B89B03DA859}"
EndProject
Global
	GlobalSection(SolutionConfigurationPlatforms) = preSolution
		Debug|Any CPU = Debug|Any CPU
		Release|Any CPU = Release|Any CPU
	EndGlobalSection
	GlobalSection(ProjectConfigurationPlatforms) = postSolution
		{A73FFA5F-11E7-4FD8-9C01-1B89B03DA859}.Debug|Any CPU.ActiveCfg = Debug|Any CPU
		{A73FFA5F-11E7-4FD8-9C01-1B89B03DA859}.Debug|Any CPU.Build.0 = Debug|Any CPU
		{A73FFA5F-11E7-4FD8-9C01-1B89B03DA859}.Release|Any CPU.ActiveCfg = Release|Any CPU
		{A73FFA5F-11E7-4FD8-9C01-1B89B03DA859}.Release|Any CPU.Build.0 = Release|Any CPU
	EndGlobalSection
	GlobalSection(SolutionProperties) = preSolution
		HideSolutionNode = FALSE
	EndGlobalSection
	GlobalSection(ExtensibilityGlobals) = postSolution
		SolutionGuid = {1E42F95A-DC89-4CA0-A20E-A0B89E9F62C7}
	EndGlobalSection
EndGlobal
